
Microsoft Visual Studio Solution File, Format Version 12.00
# Visual Studio Version 17
VisualStudioVersion = 17.4.33110.190
MinimumVisualStudioVersion = 10.0.40219.1
Project("{FAE04EC0-301F-11D3-BF4B-00C04F79EFBC}") = "Voltorb Flip Web App", "Voltorb Flip Web App.csproj", "{14DD06F8-F370-4819-B433-97DA6D68E188}"
EndProject
Global
	GlobalSection(SolutionConfigurationPlatforms) = preSolution
		Debug|Any CPU = Debug|Any CPU
		Release|Any CPU = Release|Any CPU
	EndGlobalSection
	GlobalSection(ProjectConfigurationPlatforms) = postSolution
		{14DD06F8-F370-4819-B433-97DA6D68E188}.Debug|Any CPU.ActiveCfg = Debug|Any CPU
		{14DD06F8-F370-4819-B433-97DA6D68E188}.Debug|Any CPU.Build.0 = Debug|Any CPU
		{14DD06F8-F370-4819-B433-97DA6D68E188}.Release|Any CPU.ActiveCfg = Release|Any CPU
		{14DD06F8-F370-4819-B433-97DA6D68E188}.Release|Any CPU.Build.0 = Release|Any CPU
	EndGlobalSection
	GlobalSection(SolutionProperties) = preSolution
		HideSolutionNode = FALSE
	EndGlobalSection
	GlobalSection(ExtensibilityGlobals) = postSolution
		SolutionGuid = {A7DF42CB-0F84-4F17-9EDB-81A95359FC86}
	EndGlobalSection
EndGlobal
